// !$*UTF8*$!
{
	archiveVersion = 1;
	classes = {
	};
	objectVersion = 50;
	objects = {

/* Begin PBXBuildFile section */
		810FD342274D4FAA00778971 /* PokemonSelected.swift in Sources */ = {isa = PBXBuildFile; fileRef = 810FD341274D4FAA00778971 /* PokemonSelected.swift */; };
		810FD344274D524900778971 /* ViewModelPokemonSelected.swift in Sources */ = {isa = PBXBuildFile; fileRef = 810FD343274D524900778971 /* ViewModelPokemonSelected.swift */; };
		81AF19ED274B7F7F00E9ADE5 /* AppDelegate.swift in Sources */ = {isa = PBXBuildFile; fileRef = 81AF19EC274B7F7F00E9ADE5 /* AppDelegate.swift */; };
		81AF19EF274B7F7F00E9ADE5 /* SceneDelegate.swift in Sources */ = {isa = PBXBuildFile; fileRef = 81AF19EE274B7F7F00E9ADE5 /* SceneDelegate.swift */; };
		81AF19F1274B7F7F00E9ADE5 /* SignUpViewController.swift in Sources */ = {isa = PBXBuildFile; fileRef = 81AF19F0274B7F7F00E9ADE5 /* SignUpViewController.swift */; };
		81AF19F4274B7F7F00E9ADE5 /* Main.storyboard in Resources */ = {isa = PBXBuildFile; fileRef = 81AF19F2274B7F7F00E9ADE5 /* Main.storyboard */; };
		81AF19F7274B7F7F00E9ADE5 /* PokemonApp.xcdatamodeld in Sources */ = {isa = PBXBuildFile; fileRef = 81AF19F5274B7F7F00E9ADE5 /* PokemonApp.xcdatamodeld */; };
		81AF19F9274B7F8E00E9ADE5 /* Assets.xcassets in Resources */ = {isa = PBXBuildFile; fileRef = 81AF19F8274B7F8E00E9ADE5 /* Assets.xcassets */; };
		81AF19FC274B7F8E00E9ADE5 /* LaunchScreen.storyboard in Resources */ = {isa = PBXBuildFile; fileRef = 81AF19FA274B7F8E00E9ADE5 /* LaunchScreen.storyboard */; };
		81AF1A04274B91D400E9ADE5 /* HomeViewController.swift in Sources */ = {isa = PBXBuildFile; fileRef = 81AF1A03274B91D400E9ADE5 /* HomeViewController.swift */; };
		81DCA1D9274D2DAD00FB9CB7 /* PokemonList.swift in Sources */ = {isa = PBXBuildFile; fileRef = 81DCA1D8274D2DAD00FB9CB7 /* PokemonList.swift */; };
		81DCA1DD274D2F5A00FB9CB7 /* ViewModelPokemonList.swift in Sources */ = {isa = PBXBuildFile; fileRef = 81DCA1DC274D2F5A00FB9CB7 /* ViewModelPokemonList.swift */; };
/* End PBXBuildFile section */

/* Begin PBXFileReference section */
		810FD341274D4FAA00778971 /* PokemonSelected.swift */ = {isa = PBXFileReference; lastKnownFileType = sourcecode.swift; path = PokemonSelected.swift; sourceTree = "<group>"; };
		810FD343274D524900778971 /* ViewModelPokemonSelected.swift */ = {isa = PBXFileReference; lastKnownFileType = sourcecode.swift; path = ViewModelPokemonSelected.swift; sourceTree = "<group>"; };
		81AF19E9274B7F7F00E9ADE5 /* PokemonApp.app */ = {isa = PBXFileReference; explicitFileType = wrapper.application; includeInIndex = 0; path = PokemonApp.app; sourceTree = BUILT_PRODUCTS_DIR; };
		81AF19EC274B7F7F00E9ADE5 /* AppDelegate.swift */ = {isa = PBXFileReference; lastKnownFileType = sourcecode.swift; path = AppDelegate.swift; sourceTree = "<group>"; };
		81AF19EE274B7F7F00E9ADE5 /* SceneDelegate.swift */ = {isa = PBXFileReference; lastKnownFileType = sourcecode.swift; path = SceneDelegate.swift; sourceTree = "<group>"; };
		81AF19F0274B7F7F00E9ADE5 /* SignUpViewController.swift */ = {isa = PBXFileReference; lastKnownFileType = sourcecode.swift; path = SignUpViewController.swift; sourceTree = "<group>"; };
		81AF19F3274B7F7F00E9ADE5 /* Base */ = {isa = PBXFileReference; lastKnownFileType = file.storyboard; name = Base; path = Base.lproj/Main.storyboard; sourceTree = "<group>"; };
		81AF19F6274B7F7F00E9ADE5 /* PokemonApp.xcdatamodel */ = {isa = PBXFileReference; lastKnownFileType = wrapper.xcdatamodel; path = PokemonApp.xcdatamodel; sourceTree = "<group>"; };
		81AF19F8274B7F8E00E9ADE5 /* Assets.xcassets */ = {isa = PBXFileReference; lastKnownFileType = folder.assetcatalog; path = Assets.xcassets; sourceTree = "<group>"; };
		81AF19FB274B7F8E00E9ADE5 /* Base */ = {isa = PBXFileReference; lastKnownFileType = file.storyboard; name = Base; path = Base.lproj/LaunchScreen.storyboard; sourceTree = "<group>"; };
		81AF19FD274B7F8E00E9ADE5 /* Info.plist */ = {isa = PBXFileReference; lastKnownFileType = text.plist.xml; path = Info.plist; sourceTree = "<group>"; };
		81AF1A03274B91D400E9ADE5 /* HomeViewController.swift */ = {isa = PBXFileReference; lastKnownFileType = sourcecode.swift; path = HomeViewController.swift; sourceTree = "<group>"; };
		81DCA1D8274D2DAD00FB9CB7 /* PokemonList.swift */ = {isa = PBXFileReference; lastKnownFileType = sourcecode.swift; path = PokemonList.swift; sourceTree = "<group>"; };
		81DCA1DC274D2F5A00FB9CB7 /* ViewModelPokemonList.swift */ = {isa = PBXFileReference; lastKnownFileType = sourcecode.swift; path = ViewModelPokemonList.swift; sourceTree = "<group>"; };
/* End PBXFileReference section */

/* Begin PBXFrameworksBuildPhase section */
		81AF19E6274B7F7F00E9ADE5 /* Frameworks */ = {
			isa = PBXFrameworksBuildPhase;
			buildActionMask = 2147483647;
			files = (
			);
			runOnlyForDeploymentPostprocessing = 0;
		};
/* End PBXFrameworksBuildPhase section */

/* Begin PBXGroup section */
		81AF19E0274B7F7E00E9ADE5 = {
			isa = PBXGroup;
			children = (
				81AF19EB274B7F7F00E9ADE5 /* PokemonApp */,
				81AF19EA274B7F7F00E9ADE5 /* Products */,
			);
			sourceTree = "<group>";
		};
		81AF19EA274B7F7F00E9ADE5 /* Products */ = {
			isa = PBXGroup;
			children = (
				81AF19E9274B7F7F00E9ADE5 /* PokemonApp.app */,
			);
			name = Products;
			sourceTree = "<group>";
		};
		81AF19EB274B7F7F00E9ADE5 /* PokemonApp */ = {
			isa = PBXGroup;
			children = (
				81DCA1D3274D2AA300FB9CB7 /* Screens */,
				81DCA1D7274D2D2600FB9CB7 /* Application */,
				81DCA1D5274D2AB300FB9CB7 /* Model */,
				81DCA1D4274D2AAC00FB9CB7 /* View */,
				81DCA1D6274D2CF700FB9CB7 /* ViewModel */,
				81AF19F8274B7F8E00E9ADE5 /* Assets.xcassets */,
				81AF19FD274B7F8E00E9ADE5 /* Info.plist */,
				81AF19F5274B7F7F00E9ADE5 /* PokemonApp.xcdatamodeld */,
			);
			path = PokemonApp;
			sourceTree = "<group>";
		};
		81DCA1D3274D2AA300FB9CB7 /* Screens */ = {
			isa = PBXGroup;
			children = (
				81AF19F2274B7F7F00E9ADE5 /* Main.storyboard */,
				81AF19FA274B7F8E00E9ADE5 /* LaunchScreen.storyboard */,
			);
			path = Screens;
			sourceTree = "<group>";
		};
		81DCA1D4274D2AAC00FB9CB7 /* View */ = {
			isa = PBXGroup;
			children = (
				81AF19F0274B7F7F00E9ADE5 /* SignUpViewController.swift */,
				81AF1A03274B91D400E9ADE5 /* HomeViewController.swift */,
			);
			path = View;
			sourceTree = "<group>";
		};
		81DCA1D5274D2AB300FB9CB7 /* Model */ = {
			isa = PBXGroup;
			children = (
				81DCA1D8274D2DAD00FB9CB7 /* PokemonList.swift */,
				810FD341274D4FAA00778971 /* PokemonSelected.swift */,
			);
			path = Model;
			sourceTree = "<group>";
		};
		81DCA1D6274D2CF700FB9CB7 /* ViewModel */ = {
			isa = PBXGroup;
			children = (
				81DCA1DC274D2F5A00FB9CB7 /* ViewModelPokemonList.swift */,
				810FD343274D524900778971 /* ViewModelPokemonSelected.swift */,
			);
			path = ViewModel;
			sourceTree = "<group>";
		};
		81DCA1D7274D2D2600FB9CB7 /* Application */ = {
			isa = PBXGroup;
			children = (
				81AF19EC274B7F7F00E9ADE5 /* AppDelegate.swift */,
				81AF19EE274B7F7F00E9ADE5 /* SceneDelegate.swift */,
			);
			path = Application;
			sourceTree = "<group>";
		};
/* End PBXGroup section */

/* Begin PBXNativeTarget section */
		81AF19E8274B7F7F00E9ADE5 /* PokemonApp */ = {
			isa = PBXNativeTarget;
			buildConfigurationList = 81AF1A00274B7F8E00E9ADE5 /* Build configuration list for PBXNativeTarget "PokemonApp" */;
			buildPhases = (
				81AF19E5274B7F7F00E9ADE5 /* Sources */,
				81AF19E6274B7F7F00E9ADE5 /* Frameworks */,
				81AF19E7274B7F7F00E9ADE5 /* Resources */,
			);
			buildRules = (
			);
			dependencies = (
			);
			name = PokemonApp;
			productName = PokemonApp;
			productReference = 81AF19E9274B7F7F00E9ADE5 /* PokemonApp.app */;
			productType = "com.apple.product-type.application";
		};
/* End PBXNativeTarget section */

/* Begin PBXProject section */
		81AF19E1274B7F7E00E9ADE5 /* Project object */ = {
			isa = PBXProject;
			attributes = {
				LastSwiftUpdateCheck = 1130;
				LastUpgradeCheck = 1130;
				ORGANIZATIONNAME = ObedChaca;
				TargetAttributes = {
					81AF19E8274B7F7F00E9ADE5 = {
						CreatedOnToolsVersion = 11.3.1;
					};
				};
			};
			buildConfigurationList = 81AF19E4274B7F7E00E9ADE5 /* Build configuration list for PBXProject "PokemonApp" */;
			compatibilityVersion = "Xcode 9.3";
			developmentRegion = en;
			hasScannedForEncodings = 0;
			knownRegions = (
				en,
				Base,
			);
			mainGroup = 81AF19E0274B7F7E00E9ADE5;
			productRefGroup = 81AF19EA274B7F7F00E9ADE5 /* Products */;
			projectDirPath = "";
			projectRoot = "";
			targets = (
				81AF19E8274B7F7F00E9ADE5 /* PokemonApp */,
			);
		};
/* End PBXProject section */

/* Begin PBXResourcesBuildPhase section */
		81AF19E7274B7F7F00E9ADE5 /* Resources */ = {
			isa = PBXResourcesBuildPhase;
			buildActionMask = 2147483647;
			files = (
				81AF19FC274B7F8E00E9ADE5 /* LaunchScreen.storyboard in Resources */,
				81AF19F9274B7F8E00E9ADE5 /* Assets.xcassets in Resources */,
				81AF19F4274B7F7F00E9ADE5 /* Main.storyboard in Resources */,
			);
			runOnlyForDeploymentPostprocessing = 0;
		};
/* End PBXResourcesBuildPhase section */

/* Begin PBXSourcesBuildPhase section */
		81AF19E5274B7F7F00E9ADE5 /* Sources */ = {
			isa = PBXSourcesBuildPhase;
			buildActionMask = 2147483647;
			files = (
				81AF1A04274B91D400E9ADE5 /* HomeViewController.swift in Sources */,
				81AF19F1274B7F7F00E9ADE5 /* SignUpViewController.swift in Sources */,
				81AF19F7274B7F7F00E9ADE5 /* PokemonApp.xcdatamodeld in Sources */,
				81AF19ED274B7F7F00E9ADE5 /* AppDelegate.swift in Sources */,
				81AF19EF274B7F7F00E9ADE5 /* SceneDelegate.swift in Sources */,
				81DCA1DD274D2F5A00FB9CB7 /* ViewModelPokemonList.swift in Sources */,
				810FD344274D524900778971 /* ViewModelPokemonSelected.swift in Sources */,
				810FD342274D4FAA00778971 /* PokemonSelected.swift in Sources */,
				81DCA1D9274D2DAD00FB9CB7 /* PokemonList.swift in Sources */,
			);
			runOnlyForDeploymentPostprocessing = 0;
		};
/* End PBXSourcesBuildPhase section */

/* Begin PBXVariantGroup section */
		81AF19F2274B7F7F00E9ADE5 /* Main.storyboard */ = {
			isa = PBXVariantGroup;
			children = (
				81AF19F3274B7F7F00E9ADE5 /* Base */,
			);
			name = Main.storyboard;
			sourceTree = "<group>";
		};
		81AF19FA274B7F8E00E9ADE5 /* LaunchScreen.storyboard */ = {
			isa = PBXVariantGroup;
			children = (
				81AF19FB274B7F8E00E9ADE5 /* Base */,
			);
			name = LaunchScreen.storyboard;
			sourceTree = "<group>";
		};
/* End PBXVariantGroup section */

/* Begin XCBuildConfiguration section */
		81AF19FE274B7F8E00E9ADE5 /* Debug */ = {
			isa = XCBuildConfiguration;
			buildSettings = {
				ALWAYS_SEARCH_USER_PATHS = NO;
				CLANG_ANALYZER_NONNULL = YES;
				CLANG_ANALYZER_NUMBER_OBJECT_CONVERSION = YES_AGGRESSIVE;
				CLANG_CXX_LANGUAGE_STANDARD = "gnu++14";
				CLANG_CXX_LIBRARY = "libc++";
				CLANG_ENABLE_MODULES = YES;
				CLANG_ENABLE_OBJC_ARC = YES;
				CLANG_ENABLE_OBJC_WEAK = YES;
				CLANG_WARN_BLOCK_CAPTURE_AUTORELEASING = YES;
				CLANG_WARN_BOOL_CONVERSION = YES;
				CLANG_WARN_COMMA = YES;
				CLANG_WARN_CONSTANT_CONVERSION = YES;
				CLANG_WARN_DEPRECATED_OBJC_IMPLEMENTATIONS = YES;
				CLANG_WARN_DIRECT_OBJC_ISA_USAGE = YES_ERROR;
				CLANG_WARN_DOCUMENTATION_COMMENTS = YES;
				CLANG_WARN_EMPTY_BODY = YES;
				CLANG_WARN_ENUM_CONVERSION = YES;
				CLANG_WARN_INFINITE_RECURSION = YES;
				CLANG_WARN_INT_CONVERSION = YES;
				CLANG_WARN_NON_LITERAL_NULL_CONVERSION = YES;
				CLANG_WARN_OBJC_IMPLICIT_RETAIN_SELF = YES;
				CLANG_WARN_OBJC_LITERAL_CONVERSION = YES;
				CLANG_WARN_OBJC_ROOT_CLASS = YES_ERROR;
				CLANG_WARN_RANGE_LOOP_ANALYSIS = YES;
				CLANG_WARN_STRICT_PROTOTYPES = YES;
				CLANG_WARN_SUSPICIOUS_MOVE = YES;
				CLANG_WARN_UNGUARDED_AVAILABILITY = YES_AGGRESSIVE;
				CLANG_WARN_UNREACHABLE_CODE = YES;
				CLANG_WARN__DUPLICATE_METHOD_MATCH = YES;
				COPY_PHASE_STRIP = NO;
				DEBUG_INFORMATION_FORMAT = dwarf;
				ENABLE_STRICT_OBJC_MSGSEND = YES;
				ENABLE_TESTABILITY = YES;
				GCC_C_LANGUAGE_STANDARD = gnu11;
				GCC_DYNAMIC_NO_PIC = NO;
				GCC_NO_COMMON_BLOCKS = YES;
				GCC_OPTIMIZATION_LEVEL = 0;
				GCC_PREPROCESSOR_DEFINITIONS = (
					"DEBUG=1",
					"$(inherited)",
				);
				GCC_WARN_64_TO_32_BIT_CONVERSION = YES;
				GCC_WARN_ABOUT_RETURN_TYPE = YES_ERROR;
				GCC_WARN_UNDECLARED_SELECTOR = YES;
				GCC_WARN_UNINITIALIZED_AUTOS = YES_AGGRESSIVE;
				GCC_WARN_UNUSED_FUNCTION = YES;
				GCC_WARN_UNUSED_VARIABLE = YES;
				IPHONEOS_DEPLOYMENT_TARGET = 13.2;
				MTL_ENABLE_DEBUG_INFO = INCLUDE_SOURCE;
				MTL_FAST_MATH = YES;
				ONLY_ACTIVE_ARCH = YES;
				SDKROOT = iphoneos;
				SWIFT_ACTIVE_COMPILATION_CONDITIONS = DEBUG;
				SWIFT_OPTIMIZATION_LEVEL = "-Onone";
			};
			name = Debug;
		};
		81AF19FF274B7F8E00E9ADE5 /* Release */ = {
			isa = XCBuildConfiguration;
			buildSettings = {
				ALWAYS_SEARCH_USER_PATHS = NO;
				CLANG_ANALYZER_NONNULL = YES;
				CLANG_ANALYZER_NUMBER_OBJECT_CONVERSION = YES_AGGRESSIVE;
				CLANG_CXX_LANGUAGE_STANDARD = "gnu++14";
				CLANG_CXX_LIBRARY = "libc++";
				CLANG_ENABLE_MODULES = YES;
				CLANG_ENABLE_OBJC_ARC = YES;
				CLANG_ENABLE_OBJC_WEAK = YES;
				CLANG_WARN_BLOCK_CAPTURE_AUTORELEASING = YES;
				CLANG_WARN_BOOL_CONVERSION = YES;
				CLANG_WARN_COMMA = YES;
				CLANG_WARN_CONSTANT_CONVERSION = YES;
				CLANG_WARN_DEPRECATED_OBJC_IMPLEMENTATIONS = YES;
				CLANG_WARN_DIRECT_OBJC_ISA_USAGE = YES_ERROR;
				CLANG_WARN_DOCUMENTATION_COMMENTS = YES;
				CLANG_WARN_EMPTY_BODY = YES;
				CLANG_WARN_ENUM_CONVERSION = YES;
				CLANG_WARN_INFINITE_RECURSION = YES;
				CLANG_WARN_INT_CONVERSION = YES;
				CLANG_WARN_NON_LITERAL_NULL_CONVERSION = YES;
				CLANG_WARN_OBJC_IMPLICIT_RETAIN_SELF = YES;
				CLANG_WARN_OBJC_LITERAL_CONVERSION = YES;
				CLANG_WARN_OBJC_ROOT_CLASS = YES_ERROR;
				CLANG_WARN_RANGE_LOOP_ANALYSIS = YES;
				CLANG_WARN_STRICT_PROTOTYPES = YES;
				CLANG_WARN_SUSPICIOUS_MOVE = YES;
				CLANG_WARN_UNGUARDED_AVAILABILITY = YES_AGGRESSIVE;
				CLANG_WARN_UNREACHABLE_CODE = YES;
				CLANG_WARN__DUPLICATE_METHOD_MATCH = YES;
				COPY_PHASE_STRIP = NO;
				DEBUG_INFORMATION_FORMAT = "dwarf-with-dsym";
				ENABLE_NS_ASSERTIONS = NO;
				ENABLE_STRICT_OBJC_MSGSEND = YES;
				GCC_C_LANGUAGE_STANDARD = gnu11;
				GCC_NO_COMMON_BLOCKS = YES;
				GCC_WARN_64_TO_32_BIT_CONVERSION = YES;
				GCC_WARN_ABOUT_RETURN_TYPE = YES_ERROR;
				GCC_WARN_UNDECLARED_SELECTOR = YES;
				GCC_WARN_UNINITIALIZED_AUTOS = YES_AGGRESSIVE;
				GCC_WARN_UNUSED_FUNCTION = YES;
				GCC_WARN_UNUSED_VARIABLE = YES;
				IPHONEOS_DEPLOYMENT_TARGET = 13.2;
				MTL_ENABLE_DEBUG_INFO = NO;
				MTL_FAST_MATH = YES;
				SDKROOT = iphoneos;
				SWIFT_COMPILATION_MODE = wholemodule;
				SWIFT_OPTIMIZATION_LEVEL = "-O";
				VALIDATE_PRODUCT = YES;
			};
			name = Release;
		};
		81AF1A01274B7F8E00E9ADE5 /* Debug */ = {
			isa = XCBuildConfiguration;
			buildSettings = {
				ASSETCATALOG_COMPILER_APPICON_NAME = AppIcon;
				CODE_SIGN_STYLE = Automatic;
				INFOPLIST_FILE = PokemonApp/Info.plist;
				LD_RUNPATH_SEARCH_PATHS = (
					"$(inherited)",
					"@executable_path/Frameworks",
				);
				PRODUCT_BUNDLE_IDENTIFIER = com.obedchaca.PokemonApp;
				PRODUCT_NAME = "$(TARGET_NAME)";
				SWIFT_VERSION = 5.0;
				TARGETED_DEVICE_FAMILY = "1,2";
			};
			name = Debug;
		};
		81AF1A02274B7F8E00E9ADE5 /* Release */ = {
			isa = XCBuildConfiguration;
			buildSettings = {
				ASSETCATALOG_COMPILER_APPICON_NAME = AppIcon;
				CODE_SIGN_STYLE = Automatic;
				INFOPLIST_FILE = PokemonApp/Info.plist;
				LD_RUNPATH_SEARCH_PATHS = (
					"$(inherited)",
					"@executable_path/Frameworks",
				);
				PRODUCT_BUNDLE_IDENTIFIER = com.obedchaca.PokemonApp;
				PRODUCT_NAME = "$(TARGET_NAME)";
				SWIFT_VERSION = 5.0;
				TARGETED_DEVICE_FAMILY = "1,2";
			};
			name = Release;
		};
/* End XCBuildConfiguration section */

/* Begin XCConfigurationList section */
		81AF19E4274B7F7E00E9ADE5 /* Build configuration list for PBXProject "PokemonApp" */ = {
			isa = XCConfigurationList;
			buildConfigurations = (
				81AF19FE274B7F8E00E9ADE5 /* Debug */,
				81AF19FF274B7F8E00E9ADE5 /* Release */,
			);
			defaultConfigurationIsVisible = 0;
			defaultConfigurationName = Release;
		};
		81AF1A00274B7F8E00E9ADE5 /* Build configuration list for PBXNativeTarget "PokemonApp" */ = {
			isa = XCConfigurationList;
			buildConfigurations = (
				81AF1A01274B7F8E00E9ADE5 /* Debug */,
				81AF1A02274B7F8E00E9ADE5 /* Release */,
			);
			defaultConfigurationIsVisible = 0;
			defaultConfigurationName = Release;
		};
/* End XCConfigurationList section */

/* Begin XCVersionGroup section */
		81AF19F5274B7F7F00E9ADE5 /* PokemonApp.xcdatamodeld */ = {
			isa = XCVersionGroup;
			children = (
				81AF19F6274B7F7F00E9ADE5 /* PokemonApp.xcdatamodel */,
			);
			currentVersion = 81AF19F6274B7F7F00E9ADE5 /* PokemonApp.xcdatamodel */;
			path = PokemonApp.xcdatamodeld;
			sourceTree = "<group>";
			versionGroupType = wrapper.xcdatamodel;
		};
/* End XCVersionGroup section */
	};
	rootObject = 81AF19E1274B7F7E00E9ADE5 /* Project object */;
}
